// !$*UTF8*$!
{
	archiveVersion = 1;
	classes = {
	};
	objectVersion = 50;
	objects = {

/* Begin PBXBuildFile section */
		49395BB3209913DF00BA9BC0 /* AppDelegate.swift in Sources */ = {isa = PBXBuildFile; fileRef = 49395BB2209913DF00BA9BC0 /* AppDelegate.swift */; };
		49395BB5209913DF00BA9BC0 /* ViewController.swift in Sources */ = {isa = PBXBuildFile; fileRef = 49395BB4209913DF00BA9BC0 /* ViewController.swift */; };
		49395BB8209913DF00BA9BC0 /* Main.storyboard in Resources */ = {isa = PBXBuildFile; fileRef = 49395BB6209913DF00BA9BC0 /* Main.storyboard */; };
		49395BBA209913E000BA9BC0 /* Assets.xcassets in Resources */ = {isa = PBXBuildFile; fileRef = 49395BB9209913E000BA9BC0 /* Assets.xcassets */; };
		49395BBD209913E000BA9BC0 /* LaunchScreen.storyboard in Resources */ = {isa = PBXBuildFile; fileRef = 49395BBB209913E000BA9BC0 /* LaunchScreen.storyboard */; };
		49395BC52099173A00BA9BC0 /* RedView.swift in Sources */ = {isa = PBXBuildFile; fileRef = 49395BC42099173A00BA9BC0 /* RedView.swift */; };
		49395BC72099189200BA9BC0 /* ChessBoardView.swift in Sources */ = {isa = PBXBuildFile; fileRef = 49395BC62099189200BA9BC0 /* ChessBoardView.swift */; };
		49395BC920991D3900BA9BC0 /* RainbowView.swift in Sources */ = {isa = PBXBuildFile; fileRef = 49395BC820991D3900BA9BC0 /* RainbowView.swift */; };
		49395BCB2099206000BA9BC0 /* ConcentricView.swift in Sources */ = {isa = PBXBuildFile; fileRef = 49395BCA2099206000BA9BC0 /* ConcentricView.swift */; };
		49395BCD2099233000BA9BC0 /* PatternView.swift in Sources */ = {isa = PBXBuildFile; fileRef = 49395BCC2099233000BA9BC0 /* PatternView.swift */; };
/* End PBXBuildFile section */

/* Begin PBXFileReference section */
		49395BAF209913DE00BA9BC0 /* UIViewChallenges.app */ = {isa = PBXFileReference; explicitFileType = wrapper.application; includeInIndex = 0; path = UIViewChallenges.app; sourceTree = BUILT_PRODUCTS_DIR; };
		49395BB2209913DF00BA9BC0 /* AppDelegate.swift */ = {isa = PBXFileReference; lastKnownFileType = sourcecode.swift; path = AppDelegate.swift; sourceTree = "<group>"; };
		49395BB4209913DF00BA9BC0 /* ViewController.swift */ = {isa = PBXFileReference; lastKnownFileType = sourcecode.swift; path = ViewController.swift; sourceTree = "<group>"; };
		49395BB7209913DF00BA9BC0 /* Base */ = {isa = PBXFileReference; lastKnownFileType = file.storyboard; name = Base; path = Base.lproj/Main.storyboard; sourceTree = "<group>"; };
		49395BB9209913E000BA9BC0 /* Assets.xcassets */ = {isa = PBXFileReference; lastKnownFileType = folder.assetcatalog; path = Assets.xcassets; sourceTree = "<group>"; };
		49395BBC209913E000BA9BC0 /* Base */ = {isa = PBXFileReference; lastKnownFileType = file.storyboard; name = Base; path = Base.lproj/LaunchScreen.storyboard; sourceTree = "<group>"; };
		49395BBE209913E000BA9BC0 /* Info.plist */ = {isa = PBXFileReference; lastKnownFileType = text.plist.xml; path = Info.plist; sourceTree = "<group>"; };
		49395BC42099173A00BA9BC0 /* RedView.swift */ = {isa = PBXFileReference; lastKnownFileType = sourcecode.swift; path = RedView.swift; sourceTree = "<group>"; };
		49395BC62099189200BA9BC0 /* ChessBoardView.swift */ = {isa = PBXFileReference; lastKnownFileType = sourcecode.swift; path = ChessBoardView.swift; sourceTree = "<group>"; };
		49395BC820991D3900BA9BC0 /* RainbowView.swift */ = {isa = PBXFileReference; lastKnownFileType = sourcecode.swift; path = RainbowView.swift; sourceTree = "<group>"; };
		49395BCA2099206000BA9BC0 /* ConcentricView.swift */ = {isa = PBXFileReference; lastKnownFileType = sourcecode.swift; path = ConcentricView.swift; sourceTree = "<group>"; };
		49395BCC2099233000BA9BC0 /* PatternView.swift */ = {isa = PBXFileReference; lastKnownFileType = sourcecode.swift; path = PatternView.swift; sourceTree = "<group>"; };
/* End PBXFileReference section */

/* Begin PBXFrameworksBuildPhase section */
		49395BAC209913DE00BA9BC0 /* Frameworks */ = {
			isa = PBXFrameworksBuildPhase;
			buildActionMask = 2147483647;
			files = (
			);
			runOnlyForDeploymentPostprocessing = 0;
		};
/* End PBXFrameworksBuildPhase section */

/* Begin PBXGroup section */
		49395BA6209913DE00BA9BC0 = {
			isa = PBXGroup;
			children = (
				49395BB1209913DE00BA9BC0 /* UIViewChallenges */,
				49395BB0209913DE00BA9BC0 /* Products */,
			);
			sourceTree = "<group>";
		};
		49395BB0209913DE00BA9BC0 /* Products */ = {
			isa = PBXGroup;
			children = (
				49395BAF209913DE00BA9BC0 /* UIViewChallenges.app */,
			);
			name = Products;
			sourceTree = "<group>";
		};
		49395BB1209913DE00BA9BC0 /* UIViewChallenges */ = {
			isa = PBXGroup;
			children = (
				49395BB2209913DF00BA9BC0 /* AppDelegate.swift */,
				49395BB4209913DF00BA9BC0 /* ViewController.swift */,
				49395BCA2099206000BA9BC0 /* ConcentricView.swift */,
				49395BCC2099233000BA9BC0 /* PatternView.swift */,
				49395BC42099173A00BA9BC0 /* RedView.swift */,
				49395BC62099189200BA9BC0 /* ChessBoardView.swift */,
				49395BC820991D3900BA9BC0 /* RainbowView.swift */,
				49395BB6209913DF00BA9BC0 /* Main.storyboard */,
				49395BB9209913E000BA9BC0 /* Assets.xcassets */,
				49395BBB209913E000BA9BC0 /* LaunchScreen.storyboard */,
				49395BBE209913E000BA9BC0 /* Info.plist */,
			);
			path = UIViewChallenges;
			sourceTree = "<group>";
		};
/* End PBXGroup section */

/* Begin PBXNativeTarget section */
		49395BAE209913DE00BA9BC0 /* UIViewChallenges */ = {
			isa = PBXNativeTarget;
			buildConfigurationList = 49395BC1209913E000BA9BC0 /* Build configuration list for PBXNativeTarget "UIViewChallenges" */;
			buildPhases = (
				49395BAB209913DE00BA9BC0 /* Sources */,
				49395BAC209913DE00BA9BC0 /* Frameworks */,
				49395BAD209913DE00BA9BC0 /* Resources */,
			);
			buildRules = (
			);
			dependencies = (
			);
			name = UIViewChallenges;
			productName = UIViewChallenges;
			productReference = 49395BAF209913DE00BA9BC0 /* UIViewChallenges.app */;
			productType = "com.apple.product-type.application";
		};
/* End PBXNativeTarget section */

/* Begin PBXProject section */
		49395BA7209913DE00BA9BC0 /* Project object */ = {
			isa = PBXProject;
			attributes = {
				LastSwiftUpdateCheck = 0930;
				LastUpgradeCheck = 0930;
				ORGANIZATIONNAME = "Andrew Tsukuda";
				TargetAttributes = {
					49395BAE209913DE00BA9BC0 = {
						CreatedOnToolsVersion = 9.3;
					};
				};
			};
			buildConfigurationList = 49395BAA209913DE00BA9BC0 /* Build configuration list for PBXProject "UIViewChallenges" */;
			compatibilityVersion = "Xcode 9.3";
			developmentRegion = en;
			hasScannedForEncodings = 0;
			knownRegions = (
				en,
				Base,
			);
			mainGroup = 49395BA6209913DE00BA9BC0;
			productRefGroup = 49395BB0209913DE00BA9BC0 /* Products */;
			projectDirPath = "";
			projectRoot = "";
			targets = (
				49395BAE209913DE00BA9BC0 /* UIViewChallenges */,
			);
		};
/* End PBXProject section */

/* Begin PBXResourcesBuildPhase section */
		49395BAD209913DE00BA9BC0 /* Resources */ = {
			isa = PBXResourcesBuildPhase;
			buildActionMask = 2147483647;
			files = (
				49395BBD209913E000BA9BC0 /* LaunchScreen.storyboard in Resources */,
				49395BBA209913E000BA9BC0 /* Assets.xcassets in Resources */,
				49395BB8209913DF00BA9BC0 /* Main.storyboard in Resources */,
			);
			runOnlyForDeploymentPostprocessing = 0;
		};
/* End PBXResourcesBuildPhase section */

/* Begin PBXSourcesBuildPhase section */
		49395BAB209913DE00BA9BC0 /* Sources */ = {
			isa = PBXSourcesBuildPhase;
			buildActionMask = 2147483647;
			files = (
				49395BC72099189200BA9BC0 /* ChessBoardView.swift in Sources */,
				49395BB5209913DF00BA9BC0 /* ViewController.swift in Sources */,
				49395BCB2099206000BA9BC0 /* ConcentricView.swift in Sources */,
				49395BC920991D3900BA9BC0 /* RainbowView.swift in Sources */,
				49395BB3209913DF00BA9BC0 /* AppDelegate.swift in Sources */,
				49395BC52099173A00BA9BC0 /* RedView.swift in Sources */,
				49395BCD2099233000BA9BC0 /* PatternView.swift in Sources */,
			);
			runOnlyForDeploymentPostprocessing = 0;
		};
/* End PBXSourcesBuildPhase section */

/* Begin PBXVariantGroup section */
		49395BB6209913DF00BA9BC0 /* Main.storyboard */ = {
			isa = PBXVariantGroup;
			children = (
				49395BB7209913DF00BA9BC0 /* Base */,
			);
			name = Main.storyboard;
			sourceTree = "<group>";
		};
		49395BBB209913E000BA9BC0 /* LaunchScreen.storyboard */ = {
			isa = PBXVariantGroup;
			children = (
				49395BBC209913E000BA9BC0 /* Base */,
			);
			name = LaunchScreen.storyboard;
			sourceTree = "<group>";
		};
/* End PBXVariantGroup section */

/* Begin XCBuildConfiguration section */
		49395BBF209913E000BA9BC0 /* Debug */ = {
			isa = XCBuildConfiguration;
			buildSettings = {
				ALWAYS_SEARCH_USER_PATHS = NO;
				CLANG_ANALYZER_NONNULL = YES;
				CLANG_ANALYZER_NUMBER_OBJECT_CONVERSION = YES_AGGRESSIVE;
				CLANG_CXX_LANGUAGE_STANDARD = "gnu++14";
				CLANG_CXX_LIBRARY = "libc++";
				CLANG_ENABLE_MODULES = YES;
				CLANG_ENABLE_OBJC_ARC = YES;
				CLANG_ENABLE_OBJC_WEAK = YES;
				CLANG_WARN_BLOCK_CAPTURE_AUTORELEASING = YES;
				CLANG_WARN_BOOL_CONVERSION = YES;
				CLANG_WARN_COMMA = YES;
				CLANG_WARN_CONSTANT_CONVERSION = YES;
				CLANG_WARN_DEPRECATED_OBJC_IMPLEMENTATIONS = YES;
				CLANG_WARN_DIRECT_OBJC_ISA_USAGE = YES_ERROR;
				CLANG_WARN_DOCUMENTATION_COMMENTS = YES;
				CLANG_WARN_EMPTY_BODY = YES;
				CLANG_WARN_ENUM_CONVERSION = YES;
				CLANG_WARN_INFINITE_RECURSION = YES;
				CLANG_WARN_INT_CONVERSION = YES;
				CLANG_WARN_NON_LITERAL_NULL_CONVERSION = YES;
				CLANG_WARN_OBJC_IMPLICIT_RETAIN_SELF = YES;
				CLANG_WARN_OBJC_LITERAL_CONVERSION = YES;
				CLANG_WARN_OBJC_ROOT_CLASS = YES_ERROR;
				CLANG_WARN_RANGE_LOOP_ANALYSIS = YES;
				CLANG_WARN_STRICT_PROTOTYPES = YES;
				CLANG_WARN_SUSPICIOUS_MOVE = YES;
				CLANG_WARN_UNGUARDED_AVAILABILITY = YES_AGGRESSIVE;
				CLANG_WARN_UNREACHABLE_CODE = YES;
				CLANG_WARN__DUPLICATE_METHOD_MATCH = YES;
				CODE_SIGN_IDENTITY = "iPhone Developer";
				COPY_PHASE_STRIP = NO;
				DEBUG_INFORMATION_FORMAT = dwarf;
				ENABLE_STRICT_OBJC_MSGSEND = YES;
				ENABLE_TESTABILITY = YES;
				GCC_C_LANGUAGE_STANDARD = gnu11;
				GCC_DYNAMIC_NO_PIC = NO;
				GCC_NO_COMMON_BLOCKS = YES;
				GCC_OPTIMIZATION_LEVEL = 0;
				GCC_PREPROCESSOR_DEFINITIONS = (
					"DEBUG=1",
					"$(inherited)",
				);
				GCC_WARN_64_TO_32_BIT_CONVERSION = YES;
				GCC_WARN_ABOUT_RETURN_TYPE = YES_ERROR;
				GCC_WARN_UNDECLARED_SELECTOR = YES;
				GCC_WARN_UNINITIALIZED_AUTOS = YES_AGGRESSIVE;
				GCC_WARN_UNUSED_FUNCTION = YES;
				GCC_WARN_UNUSED_VARIABLE = YES;
				IPHONEOS_DEPLOYMENT_TARGET = 11.3;
				MTL_ENABLE_DEBUG_INFO = YES;
				ONLY_ACTIVE_ARCH = YES;
				SDKROOT = iphoneos;
				SWIFT_ACTIVE_COMPILATION_CONDITIONS = DEBUG;
				SWIFT_OPTIMIZATION_LEVEL = "-Onone";
			};
			name = Debug;
		};
		49395BC0209913E000BA9BC0 /* Release */ = {
			isa = XCBuildConfiguration;
			buildSettings = {
				ALWAYS_SEARCH_USER_PATHS = NO;
				CLANG_ANALYZER_NONNULL = YES;
				CLANG_ANALYZER_NUMBER_OBJECT_CONVERSION = YES_AGGRESSIVE;
				CLANG_CXX_LANGUAGE_STANDARD = "gnu++14";
				CLANG_CXX_LIBRARY = "libc++";
				CLANG_ENABLE_MODULES = YES;
				CLANG_ENABLE_OBJC_ARC = YES;
				CLANG_ENABLE_OBJC_WEAK = YES;
				CLANG_WARN_BLOCK_CAPTURE_AUTORELEASING = YES;
				CLANG_WARN_BOOL_CONVERSION = YES;
				CLANG_WARN_COMMA = YES;
				CLANG_WARN_CONSTANT_CONVERSION = YES;
				CLANG_WARN_DEPRECATED_OBJC_IMPLEMENTATIONS = YES;
				CLANG_WARN_DIRECT_OBJC_ISA_USAGE = YES_ERROR;
				CLANG_WARN_DOCUMENTATION_COMMENTS = YES;
				CLANG_WARN_EMPTY_BODY = YES;
				CLANG_WARN_ENUM_CONVERSION = YES;
				CLANG_WARN_INFINITE_RECURSION = YES;
				CLANG_WARN_INT_CONVERSION = YES;
				CLANG_WARN_NON_LITERAL_NULL_CONVERSION = YES;
				CLANG_WARN_OBJC_IMPLICIT_RETAIN_SELF = YES;
				CLANG_WARN_OBJC_LITERAL_CONVERSION = YES;
				CLANG_WARN_OBJC_ROOT_CLASS = YES_ERROR;
				CLANG_WARN_RANGE_LOOP_ANALYSIS = YES;
				CLANG_WARN_STRICT_PROTOTYPES = YES;
				CLANG_WARN_SUSPICIOUS_MOVE = YES;
				CLANG_WARN_UNGUARDED_AVAILABILITY = YES_AGGRESSIVE;
				CLANG_WARN_UNREACHABLE_CODE = YES;
				CLANG_WARN__DUPLICATE_METHOD_MATCH = YES;
				CODE_SIGN_IDENTITY = "iPhone Developer";
				COPY_PHASE_STRIP = NO;
				DEBUG_INFORMATION_FORMAT = "dwarf-with-dsym";
				ENABLE_NS_ASSERTIONS = NO;
				ENABLE_STRICT_OBJC_MSGSEND = YES;
				GCC_C_LANGUAGE_STANDARD = gnu11;
				GCC_NO_COMMON_BLOCKS = YES;
				GCC_WARN_64_TO_32_BIT_CONVERSION = YES;
				GCC_WARN_ABOUT_RETURN_TYPE = YES_ERROR;
				GCC_WARN_UNDECLARED_SELECTOR = YES;
				GCC_WARN_UNINITIALIZED_AUTOS = YES_AGGRESSIVE;
				GCC_WARN_UNUSED_FUNCTION = YES;
				GCC_WARN_UNUSED_VARIABLE = YES;
				IPHONEOS_DEPLOYMENT_TARGET = 11.3;
				MTL_ENABLE_DEBUG_INFO = NO;
				SDKROOT = iphoneos;
				SWIFT_COMPILATION_MODE = wholemodule;
				SWIFT_OPTIMIZATION_LEVEL = "-O";
				VALIDATE_PRODUCT = YES;
			};
			name = Release;
		};
		49395BC2209913E000BA9BC0 /* Debug */ = {
			isa = XCBuildConfiguration;
			buildSettings = {
				ASSETCATALOG_COMPILER_APPICON_NAME = AppIcon;
				CODE_SIGN_STYLE = Automatic;
				DEVELOPMENT_TEAM = YTYUD7N245;
				INFOPLIST_FILE = UIViewChallenges/Info.plist;
				LD_RUNPATH_SEARCH_PATHS = (
					"$(inherited)",
					"@executable_path/Frameworks",
				);
				PRODUCT_BUNDLE_IDENTIFIER = tsukudabuddha.UIViewChallenges;
				PRODUCT_NAME = "$(TARGET_NAME)";
				SWIFT_VERSION = 4.0;
				TARGETED_DEVICE_FAMILY = "1,2";
			};
			name = Debug;
		};
		49395BC3209913E000BA9BC0 /* Release */ = {
			isa = XCBuildConfiguration;
			buildSettings = {
				ASSETCATALOG_COMPILER_APPICON_NAME = AppIcon;
				CODE_SIGN_STYLE = Automatic;
				DEVELOPMENT_TEAM = YTYUD7N245;
				INFOPLIST_FILE = UIViewChallenges/Info.plist;
				LD_RUNPATH_SEARCH_PATHS = (
					"$(inherited)",
					"@executable_path/Frameworks",
				);
				PRODUCT_BUNDLE_IDENTIFIER = tsukudabuddha.UIViewChallenges;
				PRODUCT_NAME = "$(TARGET_NAME)";
				SWIFT_VERSION = 4.0;
				TARGETED_DEVICE_FAMILY = "1,2";
			};
			name = Release;
		};
/* End XCBuildConfiguration section */

/* Begin XCConfigurationList section */
		49395BAA209913DE00BA9BC0 /* Build configuration list for PBXProject "UIViewChallenges" */ = {
			isa = XCConfigurationList;
			buildConfigurations = (
				49395BBF209913E000BA9BC0 /* Debug */,
				49395BC0209913E000BA9BC0 /* Release */,
			);
			defaultConfigurationIsVisible = 0;
			defaultConfigurationName = Release;
		};
		49395BC1209913E000BA9BC0 /* Build configuration list for PBXNativeTarget "UIViewChallenges" */ = {
			isa = XCConfigurationList;
			buildConfigurations = (
				49395BC2209913E000BA9BC0 /* Debug */,
				49395BC3209913E000BA9BC0 /* Release */,
			);
			defaultConfigurationIsVisible = 0;
			defaultConfigurationName = Release;
		};
/* End XCConfigurationList section */
	};
	rootObject = 49395BA7209913DE00BA9BC0 /* Project object */;
}
